
Microsoft Visual Studio Solution File, Format Version 12.00
# Visual Studio Version 17
VisualStudioVersion = 17.5.002.0
MinimumVisualStudioVersion = 10.0.40219.1
Project("{9A19103F-16F7-4668-BE54-9A1E7A4F7556}") = "GatewayAPI", "GatewayAPI\GatewayAPI.csproj", "{6895C4F5-6D10-4321-B084-88C1A318DC34}"
EndProject
Project("{2150E333-8FDC-42A3-9474-1A3956D46DE8}") = "Shared", "Shared", "{7544DADC-5C44-4B35-B89C-A18FAB0C00C6}"
EndProject
Project("{9A19103F-16F7-4668-BE54-9A1E7A4F7556}") = "SharedLib", "Shared\SharedLib\SharedLib.csproj", "{42E75FA9-EEA1-4934-9FFC-7558E41EA44D}"
EndProject
Project("{2150E333-8FDC-42A3-9474-1A3956D46DE8}") = "Services", "Services", "{E140D6C5-9698-4114-A1E3-CBC11665F268}"
EndProject
Project("{2150E333-8FDC-42A3-9474-1A3956D46DE8}") = "TextSearch", "TextSearch", "{5DDCE215-8662-4DAB-987F-EFC9CA44AC56}"
EndProject
Project("{9A19103F-16F7-4668-BE54-9A1E7A4F7556}") = "TextSearchAPI", "Services\TextSearch\TextSearchAPI\TextSearchAPI.csproj", "{BB1F9AEE-FF6E-409F-A253-5DB7FABF899F}"
EndProject
Project("{2150E333-8FDC-42A3-9474-1A3956D46DE8}") = "Reaction", "Reaction", "{3F6CEF85-7D08-43DF-BDF0-A9B7F1B24381}"
EndProject
Project("{9A19103F-16F7-4668-BE54-9A1E7A4F7556}") = "ReactionAPI", "Services\Reaction\ReactionAPI\ReactionAPI.csproj", "{2044482B-C894-4718-AECB-32089A0CE966}"
EndProject
Project("{2150E333-8FDC-42A3-9474-1A3956D46DE8}") = "Logger", "Logger", "{F65F4123-EFA5-417C-9567-3E5BEEE1720B}"
EndProject
Project("{9A19103F-16F7-4668-BE54-9A1E7A4F7556}") = "LogAPI", "Services\Logger\LogAPI\LogAPI.csproj", "{561D60DF-78D4-49A5-B0FA-7B9F3AD6F882}"
EndProject
Project("{2150E333-8FDC-42A3-9474-1A3956D46DE8}") = "Cache", "Cache", "{0C8800B8-2F47-4413-97A1-E59E3DD15080}"
EndProject
Project("{9A19103F-16F7-4668-BE54-9A1E7A4F7556}") = "CacheAPI", "Services\Cache\CacheAPI\CacheAPI.csproj", "{8EDF5BE8-D2F0-451C-9E29-7918B56A9CAB}"
EndProject
Project("{2150E333-8FDC-42A3-9474-1A3956D46DE8}") = "Identity", "Identity", "{4BFB1CBB-55CC-4B33-BD81-D56707FC7E36}"
EndProject
Project("{9A19103F-16F7-4668-BE54-9A1E7A4F7556}") = "IdentityAPI", "Services\Identity\IdentityAPI\IdentityAPI.csproj", "{3D334E74-8C0A-4CD4-8112-57ACC32A5F51}"
EndProject
Project("{2150E333-8FDC-42A3-9474-1A3956D46DE8}") = "Category", "Category", "{9CED2D43-05AE-4AA2-887F-7B9905E08043}"
EndProject
Project("{9A19103F-16F7-4668-BE54-9A1E7A4F7556}") = "CategoryAPI", "Services\Category\CategoryAPI\CategoryAPI.csproj", "{87D140F8-9A9E-4EF3-B68E-B3479EABD89B}"
EndProject
Project("{9A19103F-16F7-4668-BE54-9A1E7A4F7556}") = "Application", "Services\Category\Application\Application.csproj", "{AC38E6CF-D18F-4835-B702-53A3AA1AE9DD}"
EndProject
Project("{2150E333-8FDC-42A3-9474-1A3956D46DE8}") = "Comment", "Comment", "{F343927A-069C-489F-8EE3-45BB69A71CB1}"
EndProject
Project("{9A19103F-16F7-4668-BE54-9A1E7A4F7556}") = "CommentAPI", "Services\Comment\CommentAPI\CommentAPI.csproj", "{E8E6C752-C8AE-47E2-8671-E1878B29E165}"
EndProject
Project("{2150E333-8FDC-42A3-9474-1A3956D46DE8}") = "Content", "Content", "{D770BC05-7DDC-4DD2-A536-965D94541D89}"
EndProject
Project("{9A19103F-16F7-4668-BE54-9A1E7A4F7556}") = "ContentAPI", "Services\Content\ContentAPI\ContentAPI.csproj", "{4AD608EE-E72C-498A-9749-E0E8A0546658}"
EndProject
Project("{2150E333-8FDC-42A3-9474-1A3956D46DE8}") = "ImageStore", "ImageStore", "{FDDA2C74-EE57-474D-A0A9-55ACC71DE2D1}"
EndProject
Project("{9A19103F-16F7-4668-BE54-9A1E7A4F7556}") = "ImageStoreAPI", "Services\ImageStore\ImageStoreAPI\ImageStoreAPI.csproj", "{688D12A1-EE4F-4FF6-97D0-1B14F6014DB1}"
EndProject
Project("{FAE04EC0-301F-11D3-BF4B-00C04F79EFBC}") = "Domain", "Services\Category\Domain\Domain.csproj", "{E297A344-95DC-4C39-8FA2-11B1DA2A0C1D}"
EndProject
Project("{FAE04EC0-301F-11D3-BF4B-00C04F79EFBC}") = "Infrastructure", "Services\Category\Infrastructure\Infrastructure.csproj", "{77EE6627-4055-4AD1-A161-49C0D41F3EB3}"
EndProject
Project("{FAE04EC0-301F-11D3-BF4B-00C04F79EFBC}") = "Application", "Services\Comment\Application\Application.csproj", "{05E179B0-8BA9-4A8C-A00F-1169B32CBC70}"
EndProject
Project("{FAE04EC0-301F-11D3-BF4B-00C04F79EFBC}") = "Domain", "Services\Comment\Domain\Domain.csproj", "{DA61D5CA-4B55-4C34-9EAC-080ACC711FFC}"
EndProject
Project("{FAE04EC0-301F-11D3-BF4B-00C04F79EFBC}") = "Infrastructure", "Services\Comment\Infrastructure\Infrastructure.csproj", "{B572DF19-6775-4D19-9922-A2C7BFD55C02}"
EndProject
Project("{FAE04EC0-301F-11D3-BF4B-00C04F79EFBC}") = "Domain", "Services\Reaction\Domain\Domain.csproj", "{F6FDB6F4-5D51-4798-ABC8-11C0323F8AFB}"
EndProject
Project("{FAE04EC0-301F-11D3-BF4B-00C04F79EFBC}") = "Application", "Services\Reaction\Application\Application.csproj", "{212D04CE-DB5E-4747-8D9B-1B4BEF0D950F}"
EndProject
Project("{FAE04EC0-301F-11D3-BF4B-00C04F79EFBC}") = "Infrastructure", "Services\Reaction\Infrastructure\Infrastructure.csproj", "{B62046AD-D395-4F2B-BB63-2EC5AEB60747}"
EndProject
Project("{FAE04EC0-301F-11D3-BF4B-00C04F79EFBC}") = "Application", "Services\Content\Application\Application.csproj", "{9D9EFF4E-AC54-47F0-8E80-3C05DCE4ACAA}"
EndProject
Project("{FAE04EC0-301F-11D3-BF4B-00C04F79EFBC}") = "Domain", "Services\Content\Domain\Domain.csproj", "{4CD05F37-8077-4449-8A36-F2C35E0E63E9}"
EndProject
Project("{FAE04EC0-301F-11D3-BF4B-00C04F79EFBC}") = "Infrastructure", "Services\Content\Infrastructure\Infrastructure.csproj", "{175F8598-925F-4743-9AB4-4599BBFBDE30}"
EndProject
Global
	GlobalSection(SolutionConfigurationPlatforms) = preSolution
		Debug|Any CPU = Debug|Any CPU
		Release|Any CPU = Release|Any CPU
	EndGlobalSection
	GlobalSection(ProjectConfigurationPlatforms) = postSolution
		{6895C4F5-6D10-4321-B084-88C1A318DC34}.Debug|Any CPU.ActiveCfg = Debug|Any CPU
		{6895C4F5-6D10-4321-B084-88C1A318DC34}.Debug|Any CPU.Build.0 = Debug|Any CPU
		{6895C4F5-6D10-4321-B084-88C1A318DC34}.Release|Any CPU.ActiveCfg = Release|Any CPU
		{6895C4F5-6D10-4321-B084-88C1A318DC34}.Release|Any CPU.Build.0 = Release|Any CPU
		{42E75FA9-EEA1-4934-9FFC-7558E41EA44D}.Debug|Any CPU.ActiveCfg = Debug|Any CPU
		{42E75FA9-EEA1-4934-9FFC-7558E41EA44D}.Debug|Any CPU.Build.0 = Debug|Any CPU
		{42E75FA9-EEA1-4934-9FFC-7558E41EA44D}.Release|Any CPU.ActiveCfg = Release|Any CPU
		{42E75FA9-EEA1-4934-9FFC-7558E41EA44D}.Release|Any CPU.Build.0 = Release|Any CPU
		{BB1F9AEE-FF6E-409F-A253-5DB7FABF899F}.Debug|Any CPU.ActiveCfg = Debug|Any CPU
		{BB1F9AEE-FF6E-409F-A253-5DB7FABF899F}.Debug|Any CPU.Build.0 = Debug|Any CPU
		{BB1F9AEE-FF6E-409F-A253-5DB7FABF899F}.Release|Any CPU.ActiveCfg = Release|Any CPU
		{BB1F9AEE-FF6E-409F-A253-5DB7FABF899F}.Release|Any CPU.Build.0 = Release|Any CPU
		{2044482B-C894-4718-AECB-32089A0CE966}.Debug|Any CPU.ActiveCfg = Debug|Any CPU
		{2044482B-C894-4718-AECB-32089A0CE966}.Debug|Any CPU.Build.0 = Debug|Any CPU
		{2044482B-C894-4718-AECB-32089A0CE966}.Release|Any CPU.ActiveCfg = Release|Any CPU
		{2044482B-C894-4718-AECB-32089A0CE966}.Release|Any CPU.Build.0 = Release|Any CPU
		{561D60DF-78D4-49A5-B0FA-7B9F3AD6F882}.Debug|Any CPU.ActiveCfg = Debug|Any CPU
		{561D60DF-78D4-49A5-B0FA-7B9F3AD6F882}.Debug|Any CPU.Build.0 = Debug|Any CPU
		{561D60DF-78D4-49A5-B0FA-7B9F3AD6F882}.Release|Any CPU.ActiveCfg = Release|Any CPU
		{561D60DF-78D4-49A5-B0FA-7B9F3AD6F882}.Release|Any CPU.Build.0 = Release|Any CPU
		{8EDF5BE8-D2F0-451C-9E29-7918B56A9CAB}.Debug|Any CPU.ActiveCfg = Debug|Any CPU
		{8EDF5BE8-D2F0-451C-9E29-7918B56A9CAB}.Debug|Any CPU.Build.0 = Debug|Any CPU
		{8EDF5BE8-D2F0-451C-9E29-7918B56A9CAB}.Release|Any CPU.ActiveCfg = Release|Any CPU
		{8EDF5BE8-D2F0-451C-9E29-7918B56A9CAB}.Release|Any CPU.Build.0 = Release|Any CPU
		{3D334E74-8C0A-4CD4-8112-57ACC32A5F51}.Debug|Any CPU.ActiveCfg = Debug|Any CPU
		{3D334E74-8C0A-4CD4-8112-57ACC32A5F51}.Debug|Any CPU.Build.0 = Debug|Any CPU
		{3D334E74-8C0A-4CD4-8112-57ACC32A5F51}.Release|Any CPU.ActiveCfg = Release|Any CPU
		{3D334E74-8C0A-4CD4-8112-57ACC32A5F51}.Release|Any CPU.Build.0 = Release|Any CPU
		{87D140F8-9A9E-4EF3-B68E-B3479EABD89B}.Debug|Any CPU.ActiveCfg = Debug|Any CPU
		{87D140F8-9A9E-4EF3-B68E-B3479EABD89B}.Debug|Any CPU.Build.0 = Debug|Any CPU
		{87D140F8-9A9E-4EF3-B68E-B3479EABD89B}.Release|Any CPU.ActiveCfg = Release|Any CPU
		{87D140F8-9A9E-4EF3-B68E-B3479EABD89B}.Release|Any CPU.Build.0 = Release|Any CPU
		{AC38E6CF-D18F-4835-B702-53A3AA1AE9DD}.Debug|Any CPU.ActiveCfg = Debug|Any CPU
		{AC38E6CF-D18F-4835-B702-53A3AA1AE9DD}.Debug|Any CPU.Build.0 = Debug|Any CPU
		{AC38E6CF-D18F-4835-B702-53A3AA1AE9DD}.Release|Any CPU.ActiveCfg = Release|Any CPU
		{AC38E6CF-D18F-4835-B702-53A3AA1AE9DD}.Release|Any CPU.Build.0 = Release|Any CPU
		{E8E6C752-C8AE-47E2-8671-E1878B29E165}.Debug|Any CPU.ActiveCfg = Debug|Any CPU
		{E8E6C752-C8AE-47E2-8671-E1878B29E165}.Debug|Any CPU.Build.0 = Debug|Any CPU
		{E8E6C752-C8AE-47E2-8671-E1878B29E165}.Release|Any CPU.ActiveCfg = Release|Any CPU
		{E8E6C752-C8AE-47E2-8671-E1878B29E165}.Release|Any CPU.Build.0 = Release|Any CPU
		{4AD608EE-E72C-498A-9749-E0E8A0546658}.Debug|Any CPU.ActiveCfg = Debug|Any CPU
		{4AD608EE-E72C-498A-9749-E0E8A0546658}.Debug|Any CPU.Build.0 = Debug|Any CPU
		{4AD608EE-E72C-498A-9749-E0E8A0546658}.Release|Any CPU.ActiveCfg = Release|Any CPU
		{4AD608EE-E72C-498A-9749-E0E8A0546658}.Release|Any CPU.Build.0 = Release|Any CPU
		{688D12A1-EE4F-4FF6-97D0-1B14F6014DB1}.Debug|Any CPU.ActiveCfg = Debug|Any CPU
		{688D12A1-EE4F-4FF6-97D0-1B14F6014DB1}.Debug|Any CPU.Build.0 = Debug|Any CPU
		{688D12A1-EE4F-4FF6-97D0-1B14F6014DB1}.Release|Any CPU.ActiveCfg = Release|Any CPU
		{688D12A1-EE4F-4FF6-97D0-1B14F6014DB1}.Release|Any CPU.Build.0 = Release|Any CPU
		{E297A344-95DC-4C39-8FA2-11B1DA2A0C1D}.Debug|Any CPU.ActiveCfg = Debug|Any CPU
		{E297A344-95DC-4C39-8FA2-11B1DA2A0C1D}.Debug|Any CPU.Build.0 = Debug|Any CPU
		{E297A344-95DC-4C39-8FA2-11B1DA2A0C1D}.Release|Any CPU.ActiveCfg = Release|Any CPU
		{E297A344-95DC-4C39-8FA2-11B1DA2A0C1D}.Release|Any CPU.Build.0 = Release|Any CPU
		{77EE6627-4055-4AD1-A161-49C0D41F3EB3}.Debug|Any CPU.ActiveCfg = Debug|Any CPU
		{77EE6627-4055-4AD1-A161-49C0D41F3EB3}.Debug|Any CPU.Build.0 = Debug|Any CPU
		{77EE6627-4055-4AD1-A161-49C0D41F3EB3}.Release|Any CPU.ActiveCfg = Release|Any CPU
		{77EE6627-4055-4AD1-A161-49C0D41F3EB3}.Release|Any CPU.Build.0 = Release|Any CPU
		{05E179B0-8BA9-4A8C-A00F-1169B32CBC70}.Debug|Any CPU.ActiveCfg = Debug|Any CPU
		{05E179B0-8BA9-4A8C-A00F-1169B32CBC70}.Debug|Any CPU.Build.0 = Debug|Any CPU
		{05E179B0-8BA9-4A8C-A00F-1169B32CBC70}.Release|Any CPU.ActiveCfg = Release|Any CPU
		{05E179B0-8BA9-4A8C-A00F-1169B32CBC70}.Release|Any CPU.Build.0 = Release|Any CPU
		{DA61D5CA-4B55-4C34-9EAC-080ACC711FFC}.Debug|Any CPU.ActiveCfg = Debug|Any CPU
		{DA61D5CA-4B55-4C34-9EAC-080ACC711FFC}.Debug|Any CPU.Build.0 = Debug|Any CPU
		{DA61D5CA-4B55-4C34-9EAC-080ACC711FFC}.Release|Any CPU.ActiveCfg = Release|Any CPU
		{DA61D5CA-4B55-4C34-9EAC-080ACC711FFC}.Release|Any CPU.Build.0 = Release|Any CPU
		{B572DF19-6775-4D19-9922-A2C7BFD55C02}.Debug|Any CPU.ActiveCfg = Debug|Any CPU
		{B572DF19-6775-4D19-9922-A2C7BFD55C02}.Debug|Any CPU.Build.0 = Debug|Any CPU
		{B572DF19-6775-4D19-9922-A2C7BFD55C02}.Release|Any CPU.ActiveCfg = Release|Any CPU
		{B572DF19-6775-4D19-9922-A2C7BFD55C02}.Release|Any CPU.Build.0 = Release|Any CPU
		{F6FDB6F4-5D51-4798-ABC8-11C0323F8AFB}.Debug|Any CPU.ActiveCfg = Debug|Any CPU
		{F6FDB6F4-5D51-4798-ABC8-11C0323F8AFB}.Debug|Any CPU.Build.0 = Debug|Any CPU
		{F6FDB6F4-5D51-4798-ABC8-11C0323F8AFB}.Release|Any CPU.ActiveCfg = Release|Any CPU
		{F6FDB6F4-5D51-4798-ABC8-11C0323F8AFB}.Release|Any CPU.Build.0 = Release|Any CPU
		{212D04CE-DB5E-4747-8D9B-1B4BEF0D950F}.Debug|Any CPU.ActiveCfg = Debug|Any CPU
		{212D04CE-DB5E-4747-8D9B-1B4BEF0D950F}.Debug|Any CPU.Build.0 = Debug|Any CPU
		{212D04CE-DB5E-4747-8D9B-1B4BEF0D950F}.Release|Any CPU.ActiveCfg = Release|Any CPU
		{212D04CE-DB5E-4747-8D9B-1B4BEF0D950F}.Release|Any CPU.Build.0 = Release|Any CPU
		{B62046AD-D395-4F2B-BB63-2EC5AEB60747}.Debug|Any CPU.ActiveCfg = Debug|Any CPU
		{B62046AD-D395-4F2B-BB63-2EC5AEB60747}.Debug|Any CPU.Build.0 = Debug|Any CPU
		{B62046AD-D395-4F2B-BB63-2EC5AEB60747}.Release|Any CPU.ActiveCfg = Release|Any CPU
		{B62046AD-D395-4F2B-BB63-2EC5AEB60747}.Release|Any CPU.Build.0 = Release|Any CPU
		{9D9EFF4E-AC54-47F0-8E80-3C05DCE4ACAA}.Debug|Any CPU.ActiveCfg = Debug|Any CPU
		{9D9EFF4E-AC54-47F0-8E80-3C05DCE4ACAA}.Debug|Any CPU.Build.0 = Debug|Any CPU
		{9D9EFF4E-AC54-47F0-8E80-3C05DCE4ACAA}.Release|Any CPU.ActiveCfg = Release|Any CPU
		{9D9EFF4E-AC54-47F0-8E80-3C05DCE4ACAA}.Release|Any CPU.Build.0 = Release|Any CPU
		{4CD05F37-8077-4449-8A36-F2C35E0E63E9}.Debug|Any CPU.ActiveCfg = Debug|Any CPU
		{4CD05F37-8077-4449-8A36-F2C35E0E63E9}.Debug|Any CPU.Build.0 = Debug|Any CPU
		{4CD05F37-8077-4449-8A36-F2C35E0E63E9}.Release|Any CPU.ActiveCfg = Release|Any CPU
		{4CD05F37-8077-4449-8A36-F2C35E0E63E9}.Release|Any CPU.Build.0 = Release|Any CPU
		{175F8598-925F-4743-9AB4-4599BBFBDE30}.Debug|Any CPU.ActiveCfg = Debug|Any CPU
		{175F8598-925F-4743-9AB4-4599BBFBDE30}.Debug|Any CPU.Build.0 = Debug|Any CPU
		{175F8598-925F-4743-9AB4-4599BBFBDE30}.Release|Any CPU.ActiveCfg = Release|Any CPU
		{175F8598-925F-4743-9AB4-4599BBFBDE30}.Release|Any CPU.Build.0 = Release|Any CPU
	EndGlobalSection
	GlobalSection(SolutionProperties) = preSolution
		HideSolutionNode = FALSE
	EndGlobalSection
	GlobalSection(NestedProjects) = preSolution
		{42E75FA9-EEA1-4934-9FFC-7558E41EA44D} = {7544DADC-5C44-4B35-B89C-A18FAB0C00C6}
		{5DDCE215-8662-4DAB-987F-EFC9CA44AC56} = {E140D6C5-9698-4114-A1E3-CBC11665F268}
		{BB1F9AEE-FF6E-409F-A253-5DB7FABF899F} = {5DDCE215-8662-4DAB-987F-EFC9CA44AC56}
		{3F6CEF85-7D08-43DF-BDF0-A9B7F1B24381} = {E140D6C5-9698-4114-A1E3-CBC11665F268}
		{2044482B-C894-4718-AECB-32089A0CE966} = {3F6CEF85-7D08-43DF-BDF0-A9B7F1B24381}
		{F65F4123-EFA5-417C-9567-3E5BEEE1720B} = {E140D6C5-9698-4114-A1E3-CBC11665F268}
		{561D60DF-78D4-49A5-B0FA-7B9F3AD6F882} = {F65F4123-EFA5-417C-9567-3E5BEEE1720B}
		{0C8800B8-2F47-4413-97A1-E59E3DD15080} = {E140D6C5-9698-4114-A1E3-CBC11665F268}
		{8EDF5BE8-D2F0-451C-9E29-7918B56A9CAB} = {0C8800B8-2F47-4413-97A1-E59E3DD15080}
		{4BFB1CBB-55CC-4B33-BD81-D56707FC7E36} = {E140D6C5-9698-4114-A1E3-CBC11665F268}
		{3D334E74-8C0A-4CD4-8112-57ACC32A5F51} = {4BFB1CBB-55CC-4B33-BD81-D56707FC7E36}
		{9CED2D43-05AE-4AA2-887F-7B9905E08043} = {E140D6C5-9698-4114-A1E3-CBC11665F268}
		{87D140F8-9A9E-4EF3-B68E-B3479EABD89B} = {9CED2D43-05AE-4AA2-887F-7B9905E08043}
		{AC38E6CF-D18F-4835-B702-53A3AA1AE9DD} = {9CED2D43-05AE-4AA2-887F-7B9905E08043}
		{F343927A-069C-489F-8EE3-45BB69A71CB1} = {E140D6C5-9698-4114-A1E3-CBC11665F268}
		{E8E6C752-C8AE-47E2-8671-E1878B29E165} = {F343927A-069C-489F-8EE3-45BB69A71CB1}
		{D770BC05-7DDC-4DD2-A536-965D94541D89} = {E140D6C5-9698-4114-A1E3-CBC11665F268}
		{4AD608EE-E72C-498A-9749-E0E8A0546658} = {D770BC05-7DDC-4DD2-A536-965D94541D89}
		{FDDA2C74-EE57-474D-A0A9-55ACC71DE2D1} = {E140D6C5-9698-4114-A1E3-CBC11665F268}
		{688D12A1-EE4F-4FF6-97D0-1B14F6014DB1} = {FDDA2C74-EE57-474D-A0A9-55ACC71DE2D1}
		{E297A344-95DC-4C39-8FA2-11B1DA2A0C1D} = {9CED2D43-05AE-4AA2-887F-7B9905E08043}
		{77EE6627-4055-4AD1-A161-49C0D41F3EB3} = {9CED2D43-05AE-4AA2-887F-7B9905E08043}
		{05E179B0-8BA9-4A8C-A00F-1169B32CBC70} = {F343927A-069C-489F-8EE3-45BB69A71CB1}
		{DA61D5CA-4B55-4C34-9EAC-080ACC711FFC} = {F343927A-069C-489F-8EE3-45BB69A71CB1}
		{B572DF19-6775-4D19-9922-A2C7BFD55C02} = {F343927A-069C-489F-8EE3-45BB69A71CB1}
		{F6FDB6F4-5D51-4798-ABC8-11C0323F8AFB} = {3F6CEF85-7D08-43DF-BDF0-A9B7F1B24381}
		{212D04CE-DB5E-4747-8D9B-1B4BEF0D950F} = {3F6CEF85-7D08-43DF-BDF0-A9B7F1B24381}
		{B62046AD-D395-4F2B-BB63-2EC5AEB60747} = {3F6CEF85-7D08-43DF-BDF0-A9B7F1B24381}
	EndGlobalSection
	GlobalSection(ExtensibilityGlobals) = postSolution
		SolutionGuid = {80817825-A8E4-4D15-BD49-114EFBD6D1A8}
	EndGlobalSection
EndGlobal
